// !$*UTF8*$!
{
	archiveVersion = 1;
	classes = {
	};
	objectVersion = 56;
	objects = {

/* Begin PBXBuildFile section */
		8A0ABCFF2C8D7E0500FC774F /* Kingfisher in Frameworks */ = {isa = PBXBuildFile; productRef = 8A0ABCFE2C8D7E0500FC774F /* Kingfisher */; };
		8ACB58322C8B4C7300A5CF35 /* UltimezSampleApp.swift in Sources */ = {isa = PBXBuildFile; fileRef = 8ACB58312C8B4C7300A5CF35 /* UltimezSampleApp.swift */; };
		8ACB58342C8B4C7300A5CF35 /* ProductListView.swift in Sources */ = {isa = PBXBuildFile; fileRef = 8ACB58332C8B4C7300A5CF35 /* ProductListView.swift */; };
		8ACB58362C8B4C7300A5CF35 /* Assets.xcassets in Resources */ = {isa = PBXBuildFile; fileRef = 8ACB58352C8B4C7300A5CF35 /* Assets.xcassets */; };
		8ACB58392C8B4C7300A5CF35 /* Preview Assets.xcassets in Resources */ = {isa = PBXBuildFile; fileRef = 8ACB58382C8B4C7300A5CF35 /* Preview Assets.xcassets */; };
		8ACB58572C8CB79B00A5CF35 /* AppCoordinator.swift in Sources */ = {isa = PBXBuildFile; fileRef = 8ACB58562C8CB79B00A5CF35 /* AppCoordinator.swift */; };
		8ACB585D2C8CB7FC00A5CF35 /* ProductDetailView.swift in Sources */ = {isa = PBXBuildFile; fileRef = 8ACB585C2C8CB7FC00A5CF35 /* ProductDetailView.swift */; };
		8ACB58602C8CB84B00A5CF35 /* NetworkManager.swift in Sources */ = {isa = PBXBuildFile; fileRef = 8ACB585F2C8CB84B00A5CF35 /* NetworkManager.swift */; };
		8ACB58642C8CB8C100A5CF35 /* ProductService.swift in Sources */ = {isa = PBXBuildFile; fileRef = 8ACB58632C8CB8C100A5CF35 /* ProductService.swift */; };
		8ACB58672C8CB8F000A5CF35 /* ProductListModel.swift in Sources */ = {isa = PBXBuildFile; fileRef = 8ACB58662C8CB8F000A5CF35 /* ProductListModel.swift */; };
		8ACB586A2C8CB95400A5CF35 /* ProductsListViewModel.swift in Sources */ = {isa = PBXBuildFile; fileRef = 8ACB58692C8CB95400A5CF35 /* ProductsListViewModel.swift */; };
/* End PBXBuildFile section */

/* Begin PBXFileReference section */
		8ACB582E2C8B4C7300A5CF35 /* UltimezSample.app */ = {isa = PBXFileReference; explicitFileType = wrapper.application; includeInIndex = 0; path = UltimezSample.app; sourceTree = BUILT_PRODUCTS_DIR; };
		8ACB58312C8B4C7300A5CF35 /* UltimezSampleApp.swift */ = {isa = PBXFileReference; lastKnownFileType = sourcecode.swift; path = UltimezSampleApp.swift; sourceTree = "<group>"; };
		8ACB58332C8B4C7300A5CF35 /* ProductListView.swift */ = {isa = PBXFileReference; lastKnownFileType = sourcecode.swift; path = ProductListView.swift; sourceTree = "<group>"; };
		8ACB58352C8B4C7300A5CF35 /* Assets.xcassets */ = {isa = PBXFileReference; lastKnownFileType = folder.assetcatalog; path = Assets.xcassets; sourceTree = "<group>"; };
		8ACB58382C8B4C7300A5CF35 /* Preview Assets.xcassets */ = {isa = PBXFileReference; lastKnownFileType = folder.assetcatalog; path = "Preview Assets.xcassets"; sourceTree = "<group>"; };
		8ACB58562C8CB79B00A5CF35 /* AppCoordinator.swift */ = {isa = PBXFileReference; lastKnownFileType = sourcecode.swift; path = AppCoordinator.swift; sourceTree = "<group>"; };
		8ACB585C2C8CB7FC00A5CF35 /* ProductDetailView.swift */ = {isa = PBXFileReference; lastKnownFileType = sourcecode.swift; path = ProductDetailView.swift; sourceTree = "<group>"; };
		8ACB585F2C8CB84B00A5CF35 /* NetworkManager.swift */ = {isa = PBXFileReference; lastKnownFileType = sourcecode.swift; path = NetworkManager.swift; sourceTree = "<group>"; };
		8ACB58632C8CB8C100A5CF35 /* ProductService.swift */ = {isa = PBXFileReference; lastKnownFileType = sourcecode.swift; path = ProductService.swift; sourceTree = "<group>"; };
		8ACB58662C8CB8F000A5CF35 /* ProductListModel.swift */ = {isa = PBXFileReference; lastKnownFileType = sourcecode.swift; path = ProductListModel.swift; sourceTree = "<group>"; };
		8ACB58692C8CB95400A5CF35 /* ProductsListViewModel.swift */ = {isa = PBXFileReference; lastKnownFileType = sourcecode.swift; path = ProductsListViewModel.swift; sourceTree = "<group>"; };
/* End PBXFileReference section */

/* Begin PBXFrameworksBuildPhase section */
		8ACB582B2C8B4C7300A5CF35 /* Frameworks */ = {
			isa = PBXFrameworksBuildPhase;
			buildActionMask = 2147483647;
			files = (
				8A0ABCFF2C8D7E0500FC774F /* Kingfisher in Frameworks */,
			);
			runOnlyForDeploymentPostprocessing = 0;
		};
/* End PBXFrameworksBuildPhase section */

/* Begin PBXGroup section */
		8ACB58252C8B4C7300A5CF35 = {
			isa = PBXGroup;
			children = (
				8ACB58302C8B4C7300A5CF35 /* UltimezSample */,
				8ACB582F2C8B4C7300A5CF35 /* Products */,
			);
			sourceTree = "<group>";
		};
		8ACB582F2C8B4C7300A5CF35 /* Products */ = {
			isa = PBXGroup;
			children = (
				8ACB582E2C8B4C7300A5CF35 /* UltimezSample.app */,
			);
			name = Products;
			sourceTree = "<group>";
		};
		8ACB58302C8B4C7300A5CF35 /* UltimezSample */ = {
			isa = PBXGroup;
			children = (
				8ACB58682C8CB93A00A5CF35 /* ViewModel */,
				8ACB58652C8CB8E000A5CF35 /* Model */,
				8ACB585E2C8CB83D00A5CF35 /* NetworkManager */,
				8ACB58592C8CB7DF00A5CF35 /* View */,
				8ACB58582C8CB7D300A5CF35 /* Resources */,
				8ACB58552C8CB77200A5CF35 /* Coordinator */,
				8ACB58372C8B4C7300A5CF35 /* Preview Content */,
			);
			path = UltimezSample;
			sourceTree = "<group>";
		};
		8ACB58372C8B4C7300A5CF35 /* Preview Content */ = {
			isa = PBXGroup;
			children = (
				8ACB58382C8B4C7300A5CF35 /* Preview Assets.xcassets */,
			);
			path = "Preview Content";
			sourceTree = "<group>";
		};
		8ACB58552C8CB77200A5CF35 /* Coordinator */ = {
			isa = PBXGroup;
			children = (
				8ACB58312C8B4C7300A5CF35 /* UltimezSampleApp.swift */,
				8ACB58562C8CB79B00A5CF35 /* AppCoordinator.swift */,
			);
			path = Coordinator;
			sourceTree = "<group>";
		};
		8ACB58582C8CB7D300A5CF35 /* Resources */ = {
			isa = PBXGroup;
			children = (
				8ACB58352C8B4C7300A5CF35 /* Assets.xcassets */,
			);
			path = Resources;
			sourceTree = "<group>";
		};
		8ACB58592C8CB7DF00A5CF35 /* View */ = {
			isa = PBXGroup;
			children = (
				8ACB58332C8B4C7300A5CF35 /* ProductListView.swift */,
				8ACB585C2C8CB7FC00A5CF35 /* ProductDetailView.swift */,
			);
			path = View;
			sourceTree = "<group>";
		};
		8ACB585E2C8CB83D00A5CF35 /* NetworkManager */ = {
			isa = PBXGroup;
			children = (
				8ACB58622C8CB89300A5CF35 /* ProductService */,
				8ACB585F2C8CB84B00A5CF35 /* NetworkManager.swift */,
			);
			path = NetworkManager;
			sourceTree = "<group>";
		};
		8ACB58622C8CB89300A5CF35 /* ProductService */ = {
			isa = PBXGroup;
			children = (
				8ACB58632C8CB8C100A5CF35 /* ProductService.swift */,
			);
			path = ProductService;
			sourceTree = "<group>";
		};
		8ACB58652C8CB8E000A5CF35 /* Model */ = {
			isa = PBXGroup;
			children = (
				8ACB58662C8CB8F000A5CF35 /* ProductListModel.swift */,
			);
			path = Model;
			sourceTree = "<group>";
		};
		8ACB58682C8CB93A00A5CF35 /* ViewModel */ = {
			isa = PBXGroup;
			children = (
				8ACB58692C8CB95400A5CF35 /* ProductsListViewModel.swift */,
			);
			path = ViewModel;
			sourceTree = "<group>";
		};
/* End PBXGroup section */

/* Begin PBXNativeTarget section */
		8ACB582D2C8B4C7300A5CF35 /* UltimezSample */ = {
			isa = PBXNativeTarget;
			buildConfigurationList = 8ACB583C2C8B4C7300A5CF35 /* Build configuration list for PBXNativeTarget "UltimezSample" */;
			buildPhases = (
				8ACB582A2C8B4C7300A5CF35 /* Sources */,
				8ACB582B2C8B4C7300A5CF35 /* Frameworks */,
				8ACB582C2C8B4C7300A5CF35 /* Resources */,
			);
			buildRules = (
			);
			dependencies = (
			);
			name = UltimezSample;
			packageProductDependencies = (
				8A0ABCFE2C8D7E0500FC774F /* Kingfisher */,
			);
			productName = UltimezSample;
			productReference = 8ACB582E2C8B4C7300A5CF35 /* UltimezSample.app */;
			productType = "com.apple.product-type.application";
		};
/* End PBXNativeTarget section */

/* Begin PBXProject section */
		8ACB58262C8B4C7300A5CF35 /* Project object */ = {
			isa = PBXProject;
			attributes = {
				BuildIndependentTargetsInParallel = 1;
				LastSwiftUpdateCheck = 1540;
				LastUpgradeCheck = 1540;
				TargetAttributes = {
					8ACB582D2C8B4C7300A5CF35 = {
						CreatedOnToolsVersion = 15.4;
					};
				};
			};
			buildConfigurationList = 8ACB58292C8B4C7300A5CF35 /* Build configuration list for PBXProject "UltimezSample" */;
			compatibilityVersion = "Xcode 14.0";
			developmentRegion = en;
			hasScannedForEncodings = 0;
			knownRegions = (
				en,
				Base,
			);
			mainGroup = 8ACB58252C8B4C7300A5CF35;
			packageReferences = (
				8A0ABCFD2C8D7E0500FC774F /* XCRemoteSwiftPackageReference "Kingfisher" */,
			);
			productRefGroup = 8ACB582F2C8B4C7300A5CF35 /* Products */;
			projectDirPath = "";
			projectRoot = "";
			targets = (
				8ACB582D2C8B4C7300A5CF35 /* UltimezSample */,
			);
		};
/* End PBXProject section */

/* Begin PBXResourcesBuildPhase section */
		8ACB582C2C8B4C7300A5CF35 /* Resources */ = {
			isa = PBXResourcesBuildPhase;
			buildActionMask = 2147483647;
			files = (
				8ACB58392C8B4C7300A5CF35 /* Preview Assets.xcassets in Resources */,
				8ACB58362C8B4C7300A5CF35 /* Assets.xcassets in Resources */,
			);
			runOnlyForDeploymentPostprocessing = 0;
		};
/* End PBXResourcesBuildPhase section */

/* Begin PBXSourcesBuildPhase section */
		8ACB582A2C8B4C7300A5CF35 /* Sources */ = {
			isa = PBXSourcesBuildPhase;
			buildActionMask = 2147483647;
			files = (
				8ACB58572C8CB79B00A5CF35 /* AppCoordinator.swift in Sources */,
				8ACB58672C8CB8F000A5CF35 /* ProductListModel.swift in Sources */,
				8ACB586A2C8CB95400A5CF35 /* ProductsListViewModel.swift in Sources */,
				8ACB585D2C8CB7FC00A5CF35 /* ProductDetailView.swift in Sources */,
				8ACB58602C8CB84B00A5CF35 /* NetworkManager.swift in Sources */,
				8ACB58342C8B4C7300A5CF35 /* ProductListView.swift in Sources */,
				8ACB58322C8B4C7300A5CF35 /* UltimezSampleApp.swift in Sources */,
				8ACB58642C8CB8C100A5CF35 /* ProductService.swift in Sources */,
			);
			runOnlyForDeploymentPostprocessing = 0;
		};
/* End PBXSourcesBuildPhase section */

/* Begin XCBuildConfiguration section */
		8ACB583A2C8B4C7300A5CF35 /* Debug */ = {
			isa = XCBuildConfiguration;
			buildSettings = {
				ALWAYS_SEARCH_USER_PATHS = NO;
				ASSETCATALOG_COMPILER_GENERATE_SWIFT_ASSET_SYMBOL_EXTENSIONS = YES;
				CLANG_ANALYZER_NONNULL = YES;
				CLANG_ANALYZER_NUMBER_OBJECT_CONVERSION = YES_AGGRESSIVE;
				CLANG_CXX_LANGUAGE_STANDARD = "gnu++20";
				CLANG_ENABLE_MODULES = YES;
				CLANG_ENABLE_OBJC_ARC = YES;
				CLANG_ENABLE_OBJC_WEAK = YES;
				CLANG_WARN_BLOCK_CAPTURE_AUTORELEASING = YES;
				CLANG_WARN_BOOL_CONVERSION = YES;
				CLANG_WARN_COMMA = YES;
				CLANG_WARN_CONSTANT_CONVERSION = YES;
				CLANG_WARN_DEPRECATED_OBJC_IMPLEMENTATIONS = YES;
				CLANG_WARN_DIRECT_OBJC_ISA_USAGE = YES_ERROR;
				CLANG_WARN_DOCUMENTATION_COMMENTS = YES;
				CLANG_WARN_EMPTY_BODY = YES;
				CLANG_WARN_ENUM_CONVERSION = YES;
				CLANG_WARN_INFINITE_RECURSION = YES;
				CLANG_WARN_INT_CONVERSION = YES;
				CLANG_WARN_NON_LITERAL_NULL_CONVERSION = YES;
				CLANG_WARN_OBJC_IMPLICIT_RETAIN_SELF = YES;
				CLANG_WARN_OBJC_LITERAL_CONVERSION = YES;
				CLANG_WARN_OBJC_ROOT_CLASS = YES_ERROR;
				CLANG_WARN_QUOTED_INCLUDE_IN_FRAMEWORK_HEADER = YES;
				CLANG_WARN_RANGE_LOOP_ANALYSIS = YES;
				CLANG_WARN_STRICT_PROTOTYPES = YES;
				CLANG_WARN_SUSPICIOUS_MOVE = YES;
				CLANG_WARN_UNGUARDED_AVAILABILITY = YES_AGGRESSIVE;
				CLANG_WARN_UNREACHABLE_CODE = YES;
				CLANG_WARN__DUPLICATE_METHOD_MATCH = YES;
				COPY_PHASE_STRIP = NO;
				DEBUG_INFORMATION_FORMAT = dwarf;
				ENABLE_STRICT_OBJC_MSGSEND = YES;
				ENABLE_TESTABILITY = YES;
				ENABLE_USER_SCRIPT_SANDBOXING = YES;
				GCC_C_LANGUAGE_STANDARD = gnu17;
				GCC_DYNAMIC_NO_PIC = NO;
				GCC_NO_COMMON_BLOCKS = YES;
				GCC_OPTIMIZATION_LEVEL = 0;
				GCC_PREPROCESSOR_DEFINITIONS = (
					"DEBUG=1",
					"$(inherited)",
				);
				GCC_WARN_64_TO_32_BIT_CONVERSION = YES;
				GCC_WARN_ABOUT_RETURN_TYPE = YES_ERROR;
				GCC_WARN_UNDECLARED_SELECTOR = YES;
				GCC_WARN_UNINITIALIZED_AUTOS = YES_AGGRESSIVE;
				GCC_WARN_UNUSED_FUNCTION = YES;
				GCC_WARN_UNUSED_VARIABLE = YES;
				IPHONEOS_DEPLOYMENT_TARGET = 17.5;
				LOCALIZATION_PREFERS_STRING_CATALOGS = YES;
				MTL_ENABLE_DEBUG_INFO = INCLUDE_SOURCE;
				MTL_FAST_MATH = YES;
				ONLY_ACTIVE_ARCH = YES;
				SDKROOT = iphoneos;
				SWIFT_ACTIVE_COMPILATION_CONDITIONS = "DEBUG $(inherited)";
				SWIFT_OPTIMIZATION_LEVEL = "-Onone";
			};
			name = Debug;
		};
		8ACB583B2C8B4C7300A5CF35 /* Release */ = {
			isa = XCBuildConfiguration;
			buildSettings = {
				ALWAYS_SEARCH_USER_PATHS = NO;
				ASSETCATALOG_COMPILER_GENERATE_SWIFT_ASSET_SYMBOL_EXTENSIONS = YES;
				CLANG_ANALYZER_NONNULL = YES;
				CLANG_ANALYZER_NUMBER_OBJECT_CONVERSION = YES_AGGRESSIVE;
				CLANG_CXX_LANGUAGE_STANDARD = "gnu++20";
				CLANG_ENABLE_MODULES = YES;
				CLANG_ENABLE_OBJC_ARC = YES;
				CLANG_ENABLE_OBJC_WEAK = YES;
				CLANG_WARN_BLOCK_CAPTURE_AUTORELEASING = YES;
				CLANG_WARN_BOOL_CONVERSION = YES;
				CLANG_WARN_COMMA = YES;
				CLANG_WARN_CONSTANT_CONVERSION = YES;
				CLANG_WARN_DEPRECATED_OBJC_IMPLEMENTATIONS = YES;
				CLANG_WARN_DIRECT_OBJC_ISA_USAGE = YES_ERROR;
				CLANG_WARN_DOCUMENTATION_COMMENTS = YES;
				CLANG_WARN_EMPTY_BODY = YES;
				CLANG_WARN_ENUM_CONVERSION = YES;
				CLANG_WARN_INFINITE_RECURSION = YES;
				CLANG_WARN_INT_CONVERSION = YES;
				CLANG_WARN_NON_LITERAL_NULL_CONVERSION = YES;
				CLANG_WARN_OBJC_IMPLICIT_RETAIN_SELF = YES;
				CLANG_WARN_OBJC_LITERAL_CONVERSION = YES;
				CLANG_WARN_OBJC_ROOT_CLASS = YES_ERROR;
				CLANG_WARN_QUOTED_INCLUDE_IN_FRAMEWORK_HEADER = YES;
				CLANG_WARN_RANGE_LOOP_ANALYSIS = YES;
				CLANG_WARN_STRICT_PROTOTYPES = YES;
				CLANG_WARN_SUSPICIOUS_MOVE = YES;
				CLANG_WARN_UNGUARDED_AVAILABILITY = YES_AGGRESSIVE;
				CLANG_WARN_UNREACHABLE_CODE = YES;
				CLANG_WARN__DUPLICATE_METHOD_MATCH = YES;
				COPY_PHASE_STRIP = NO;
				DEBUG_INFORMATION_FORMAT = "dwarf-with-dsym";
				ENABLE_NS_ASSERTIONS = NO;
				ENABLE_STRICT_OBJC_MSGSEND = YES;
				ENABLE_USER_SCRIPT_SANDBOXING = YES;
				GCC_C_LANGUAGE_STANDARD = gnu17;
				GCC_NO_COMMON_BLOCKS = YES;
				GCC_WARN_64_TO_32_BIT_CONVERSION = YES;
				GCC_WARN_ABOUT_RETURN_TYPE = YES_ERROR;
				GCC_WARN_UNDECLARED_SELECTOR = YES;
				GCC_WARN_UNINITIALIZED_AUTOS = YES_AGGRESSIVE;
				GCC_WARN_UNUSED_FUNCTION = YES;
				GCC_WARN_UNUSED_VARIABLE = YES;
				IPHONEOS_DEPLOYMENT_TARGET = 17.5;
				LOCALIZATION_PREFERS_STRING_CATALOGS = YES;
				MTL_ENABLE_DEBUG_INFO = NO;
				MTL_FAST_MATH = YES;
				SDKROOT = iphoneos;
				SWIFT_COMPILATION_MODE = wholemodule;
				VALIDATE_PRODUCT = YES;
			};
			name = Release;
		};
		8ACB583D2C8B4C7300A5CF35 /* Debug */ = {
			isa = XCBuildConfiguration;
			buildSettings = {
				ASSETCATALOG_COMPILER_APPICON_NAME = AppIcon;
				ASSETCATALOG_COMPILER_GLOBAL_ACCENT_COLOR_NAME = AccentColor;
				CODE_SIGN_STYLE = Automatic;
				CURRENT_PROJECT_VERSION = 1;
				DEVELOPMENT_ASSET_PATHS = "\"UltimezSample/Preview Content\"";
				ENABLE_PREVIEWS = YES;
				GENERATE_INFOPLIST_FILE = YES;
				INFOPLIST_KEY_UIApplicationSceneManifest_Generation = YES;
				INFOPLIST_KEY_UIApplicationSupportsIndirectInputEvents = YES;
				INFOPLIST_KEY_UILaunchScreen_Generation = YES;
				INFOPLIST_KEY_UISupportedInterfaceOrientations_iPad = "UIInterfaceOrientationPortrait UIInterfaceOrientationPortraitUpsideDown UIInterfaceOrientationLandscapeLeft UIInterfaceOrientationLandscapeRight";
				INFOPLIST_KEY_UISupportedInterfaceOrientations_iPhone = "UIInterfaceOrientationPortrait UIInterfaceOrientationLandscapeLeft UIInterfaceOrientationLandscapeRight";
				LD_RUNPATH_SEARCH_PATHS = (
					"$(inherited)",
					"@executable_path/Frameworks",
				);
				MARKETING_VERSION = 1.0;
				PRODUCT_BUNDLE_IDENTIFIER = com..UltimezSample;
				PRODUCT_NAME = "$(TARGET_NAME)";
				SWIFT_EMIT_LOC_STRINGS = YES;
				SWIFT_VERSION = 5.0;
				TARGETED_DEVICE_FAMILY = "1,2";
			};
			name = Debug;
		};
		8ACB583E2C8B4C7300A5CF35 /* Release */ = {
			isa = XCBuildConfiguration;
			buildSettings = {
				ASSETCATALOG_COMPILER_APPICON_NAME = AppIcon;
				ASSETCATALOG_COMPILER_GLOBAL_ACCENT_COLOR_NAME = AccentColor;
				CODE_SIGN_STYLE = Automatic;
				CURRENT_PROJECT_VERSION = 1;
				DEVELOPMENT_ASSET_PATHS = "\"UltimezSample/Preview Content\"";
				ENABLE_PREVIEWS = YES;
				GENERATE_INFOPLIST_FILE = YES;
				INFOPLIST_KEY_UIApplicationSceneManifest_Generation = YES;
				INFOPLIST_KEY_UIApplicationSupportsIndirectInputEvents = YES;
				INFOPLIST_KEY_UILaunchScreen_Generation = YES;
				INFOPLIST_KEY_UISupportedInterfaceOrientations_iPad = "UIInterfaceOrientationPortrait UIInterfaceOrientationPortraitUpsideDown UIInterfaceOrientationLandscapeLeft UIInterfaceOrientationLandscapeRight";
				INFOPLIST_KEY_UISupportedInterfaceOrientations_iPhone = "UIInterfaceOrientationPortrait UIInterfaceOrientationLandscapeLeft UIInterfaceOrientationLandscapeRight";
				LD_RUNPATH_SEARCH_PATHS = (
					"$(inherited)",
					"@executable_path/Frameworks",
				);
				MARKETING_VERSION = 1.0;
				PRODUCT_BUNDLE_IDENTIFIER = com..UltimezSample;
				PRODUCT_NAME = "$(TARGET_NAME)";
				SWIFT_EMIT_LOC_STRINGS = YES;
				SWIFT_VERSION = 5.0;
				TARGETED_DEVICE_FAMILY = "1,2";
			};
			name = Release;
		};
/* End XCBuildConfiguration section */

/* Begin XCConfigurationList section */
		8ACB58292C8B4C7300A5CF35 /* Build configuration list for PBXProject "UltimezSample" */ = {
			isa = XCConfigurationList;
			buildConfigurations = (
				8ACB583A2C8B4C7300A5CF35 /* Debug */,
				8ACB583B2C8B4C7300A5CF35 /* Release */,
			);
			defaultConfigurationIsVisible = 0;
			defaultConfigurationName = Release;
		};
		8ACB583C2C8B4C7300A5CF35 /* Build configuration list for PBXNativeTarget "UltimezSample" */ = {
			isa = XCConfigurationList;
			buildConfigurations = (
				8ACB583D2C8B4C7300A5CF35 /* Debug */,
				8ACB583E2C8B4C7300A5CF35 /* Release */,
			);
			defaultConfigurationIsVisible = 0;
			defaultConfigurationName = Release;
		};
/* End XCConfigurationList section */

/* Begin XCRemoteSwiftPackageReference section */
		8A0ABCFD2C8D7E0500FC774F /* XCRemoteSwiftPackageReference "Kingfisher" */ = {
			isa = XCRemoteSwiftPackageReference;
			repositoryURL = "https://github.com/onevcat/Kingfisher.git";
			requirement = {
				kind = upToNextMajorVersion;
				minimumVersion = 7.12.0;
			};
		};
/* End XCRemoteSwiftPackageReference section */

/* Begin XCSwiftPackageProductDependency section */
		8A0ABCFE2C8D7E0500FC774F /* Kingfisher */ = {
			isa = XCSwiftPackageProductDependency;
			package = 8A0ABCFD2C8D7E0500FC774F /* XCRemoteSwiftPackageReference "Kingfisher" */;
			productName = Kingfisher;
		};
/* End XCSwiftPackageProductDependency section */
	};
	rootObject = 8ACB58262C8B4C7300A5CF35 /* Project object */;
}
